
Microsoft Visual Studio Solution File, Format Version 12.00
# Visual Studio Version 17
VisualStudioVersion = 17.13.35828.75
MinimumVisualStudioVersion = 10.0.40219.1
Project("{8BC9CEB8-8B4A-11D0-8D11-00A0C91BC942}") = "Chap01", "Assignment 1\Assignment 1.vcxproj", "{8A8FD013-C8D9-4E68-AE24-B35EC8F9717C}"
EndProject
Project("{8BC9CEB8-8B4A-11D0-8D11-00A0C91BC942}") = "Chap02", "Assignment 2\Assignment 2.vcxproj", "{CCBB39F2-DACD-462D-AFC2-E94381BE3DBD}"
EndProject
Project("{8BC9CEB8-8B4A-11D0-8D11-00A0C91BC942}") = "Chap03", "Assignment 3\Assignment 3.vcxproj", "{95233469-FAAC-480E-B4E9-CB1768AC917B}"
EndProject
Global
	GlobalSection(SolutionConfigurationPlatforms) = preSolution
		Debug|x64 = Debug|x64
		Debug|x86 = Debug|x86
		Release|x64 = Release|x64
		Release|x86 = Release|x86
	EndGlobalSection
	GlobalSection(ProjectConfigurationPlatforms) = postSolution
		{8A8FD013-C8D9-4E68-AE24-B35EC8F9717C}.Debug|x64.ActiveCfg = Debug|x64
		{8A8FD013-C8D9-4E68-AE24-B35EC8F9717C}.Debug|x64.Build.0 = Debug|x64
		{8A8FD013-C8D9-4E68-AE24-B35EC8F9717C}.Debug|x86.ActiveCfg = Debug|Win32
		{8A8FD013-C8D9-4E68-AE24-B35EC8F9717C}.Debug|x86.Build.0 = Debug|Win32
		{8A8FD013-C8D9-4E68-AE24-B35EC8F9717C}.Release|x64.ActiveCfg = Release|x64
		{8A8FD013-C8D9-4E68-AE24-B35EC8F9717C}.Release|x64.Build.0 = Release|x64
		{8A8FD013-C8D9-4E68-AE24-B35EC8F9717C}.Release|x86.ActiveCfg = Release|Win32
		{8A8FD013-C8D9-4E68-AE24-B35EC8F9717C}.Release|x86.Build.0 = Release|Win32
		{CCBB39F2-DACD-462D-AFC2-E94381BE3DBD}.Debug|x64.ActiveCfg = Debug|x64
		{CCBB39F2-DACD-462D-AFC2-E94381BE3DBD}.Debug|x64.Build.0 = Debug|x64
		{CCBB39F2-DACD-462D-AFC2-E94381BE3DBD}.Debug|x86.ActiveCfg = Debug|Win32
		{CCBB39F2-DACD-462D-AFC2-E94381BE3DBD}.Debug|x86.Build.0 = Debug|Win32
		{CCBB39F2-DACD-462D-AFC2-E94381BE3DBD}.Release|x64.ActiveCfg = Release|x64
		{CCBB39F2-DACD-462D-AFC2-E94381BE3DBD}.Release|x64.Build.0 = Release|x64
		{CCBB39F2-DACD-462D-AFC2-E94381BE3DBD}.Release|x86.ActiveCfg = Release|Win32
		{CCBB39F2-DACD-462D-AFC2-E94381BE3DBD}.Release|x86.Build.0 = Release|Win32
		{95233469-FAAC-480E-B4E9-CB1768AC917B}.Debug|x64.ActiveCfg = Debug|x64
		{95233469-FAAC-480E-B4E9-CB1768AC917B}.Debug|x64.Build.0 = Debug|x64
		{95233469-FAAC-480E-B4E9-CB1768AC917B}.Debug|x86.ActiveCfg = Debug|Win32
		{95233469-FAAC-480E-B4E9-CB1768AC917B}.Debug|x86.Build.0 = Debug|Win32
		{95233469-FAAC-480E-B4E9-CB1768AC917B}.Release|x64.ActiveCfg = Release|x64
		{95233469-FAAC-480E-B4E9-CB1768AC917B}.Release|x64.Build.0 = Release|x64
		{95233469-FAAC-480E-B4E9-CB1768AC917B}.Release|x86.ActiveCfg = Release|Win32
		{95233469-FAAC-480E-B4E9-CB1768AC917B}.Release|x86.Build.0 = Release|Win32
	EndGlobalSection
	GlobalSection(SolutionProperties) = preSolution
		HideSolutionNode = FALSE
	EndGlobalSection
	GlobalSection(ExtensibilityGlobals) = postSolution
		SolutionGuid = {55871832-6BE8-4417-83F5-F9A9A4291BC9}
	EndGlobalSection
EndGlobal
